
Microsoft Visual Studio Solution File, Format Version 12.00
# Visual Studio Version 17
VisualStudioVersion = 17.12.35506.116
MinimumVisualStudioVersion = 10.0.40219.1
Project("{FAE04EC0-301F-11D3-BF4B-00C04F79EFBC}") = "MailWarehouse", "MailWarehouse.csproj", "{780C2493-F13A-4A32-92BB-6BD807C3D389}"
EndProject
Project("{FAE04EC0-301F-11D3-BF4B-00C04F79EFBC}") = "MailWarehouse.Application", "..\MailWarehouse.Application\MailWarehouse.Application.csproj", "{CF9C29BF-31AE-4708-8478-3CFDCCBB3D62}"
EndProject
Project("{FAE04EC0-301F-11D3-BF4B-00C04F79EFBC}") = "MailWarehouse.Domain", "..\MailWarehouse.Domain\MailWarehouse.Domain.csproj", "{3F21CADB-E251-482C-9484-832E60DCA7EC}"
EndProject
Project("{FAE04EC0-301F-11D3-BF4B-00C04F79EFBC}") = "MailWarehouse.Infrastructure", "..\MailWarehouse.Infrastructure\MailWarehouse.Infrastructure.csproj", "{F58F0C56-FA93-4EEE-BCC4-54F240661A3C}"
EndProject
Global
	GlobalSection(SolutionConfigurationPlatforms) = preSolution
		Debug|Any CPU = Debug|Any CPU
		Release|Any CPU = Release|Any CPU
	EndGlobalSection
	GlobalSection(ProjectConfigurationPlatforms) = postSolution
		{780C2493-F13A-4A32-92BB-6BD807C3D389}.Debug|Any CPU.ActiveCfg = Debug|Any CPU
		{780C2493-F13A-4A32-92BB-6BD807C3D389}.Debug|Any CPU.Build.0 = Debug|Any CPU
		{780C2493-F13A-4A32-92BB-6BD807C3D389}.Release|Any CPU.ActiveCfg = Release|Any CPU
		{780C2493-F13A-4A32-92BB-6BD807C3D389}.Release|Any CPU.Build.0 = Release|Any CPU
		{CF9C29BF-31AE-4708-8478-3CFDCCBB3D62}.Debug|Any CPU.ActiveCfg = Debug|Any CPU
		{CF9C29BF-31AE-4708-8478-3CFDCCBB3D62}.Debug|Any CPU.Build.0 = Debug|Any CPU
		{CF9C29BF-31AE-4708-8478-3CFDCCBB3D62}.Release|Any CPU.ActiveCfg = Release|Any CPU
		{CF9C29BF-31AE-4708-8478-3CFDCCBB3D62}.Release|Any CPU.Build.0 = Release|Any CPU
		{3F21CADB-E251-482C-9484-832E60DCA7EC}.Debug|Any CPU.ActiveCfg = Debug|Any CPU
		{3F21CADB-E251-482C-9484-832E60DCA7EC}.Debug|Any CPU.Build.0 = Debug|Any CPU
		{3F21CADB-E251-482C-9484-832E60DCA7EC}.Release|Any CPU.ActiveCfg = Release|Any CPU
		{3F21CADB-E251-482C-9484-832E60DCA7EC}.Release|Any CPU.Build.0 = Release|Any CPU
		{F58F0C56-FA93-4EEE-BCC4-54F240661A3C}.Debug|Any CPU.ActiveCfg = Debug|Any CPU
		{F58F0C56-FA93-4EEE-BCC4-54F240661A3C}.Debug|Any CPU.Build.0 = Debug|Any CPU
		{F58F0C56-FA93-4EEE-BCC4-54F240661A3C}.Release|Any CPU.ActiveCfg = Release|Any CPU
		{F58F0C56-FA93-4EEE-BCC4-54F240661A3C}.Release|Any CPU.Build.0 = Release|Any CPU
	EndGlobalSection
	GlobalSection(SolutionProperties) = preSolution
		HideSolutionNode = FALSE
	EndGlobalSection
EndGlobal
